Microsoft Visual Studio Solution File, Format Version 12.00
# Visual Studio Version 17
VisualStudioVersion = 17.5.2.0
MinimumVisualStudioVersion = 10.0.40219.1
Project("{FAE04EC0-301F-11D3-BF4B-00C04F79EFBC}") = "fluxograma", "fluxograma.csproj", "{D9761C22-5AAC-E54A-9465-33066CDD205F}"
EndProject
Global
	GlobalSection(SolutionConfigurationPlatforms) = preSolution
		Debug|Any CPU = Debug|Any CPU
		Release|Any CPU = Release|Any CPU
	EndGlobalSection
	GlobalSection(ProjectConfigurationPlatforms) = postSolution
		{D9761C22-5AAC-E54A-9465-33066CDD205F}.Debug|Any CPU.ActiveCfg = Debug|Any CPU
		{D9761C22-5AAC-E54A-9465-33066CDD205F}.Debug|Any CPU.Build.0 = Debug|Any CPU
		{D9761C22-5AAC-E54A-9465-33066CDD205F}.Release|Any CPU.ActiveCfg = Release|Any CPU
		{D9761C22-5AAC-E54A-9465-33066CDD205F}.Release|Any CPU.Build.0 = Release|Any CPU
	EndGlobalSection
	GlobalSection(SolutionProperties) = preSolution
		HideSolutionNode = FALSE
	EndGlobalSection
	GlobalSection(ExtensibilityGlobals) = postSolution
		SolutionGuid = {B2A60882-A05B-4E73-98EF-EEAF7AAD9C8B}
	EndGlobalSection
EndGlobal
